
Microsoft Visual Studio Solution File, Format Version 12.00
# Visual Studio Version 16
VisualStudioVersion = 16.0.31005.135
MinimumVisualStudioVersion = 10.0.40219.1
Project("{9A19103F-16F7-4668-BE54-9A1E7A4F7556}") = "Cel.CelestialMechanics.Api", "Cel.CelestialMechanics.Api\Cel.CelestialMechanics.Api.csproj", "{4E4E0D97-766A-4BFF-9D80-598F042FB1A6}"
EndProject
Project("{2150E333-8FDC-42A3-9474-1A3956D46DE8}") = "01 - Api", "01 - Api", "{D932A487-AEAD-4D81-8B69-501C10B10E54}"
EndProject
Project("{2150E333-8FDC-42A3-9474-1A3956D46DE8}") = "03 -Domain", "03 -Domain", "{C63D3370-D274-48AC-9679-31AD0EE60A12}"
EndProject
Project("{FAE04EC0-301F-11D3-BF4B-00C04F79EFBC}") = "Cel.CelestialMechanics.Domain", "Cel.CelestialMechanics.Domain\Cel.CelestialMechanics.Domain.csproj", "{A11E7974-0653-4D4E-A28E-B2081F448F4F}"
EndProject
Project("{2150E333-8FDC-42A3-9474-1A3956D46DE8}") = "04 - Test", "04 - Test", "{FA791B88-0659-4FD0-B21C-2C907B74021F}"
EndProject
Project("{FAE04EC0-301F-11D3-BF4B-00C04F79EFBC}") = "Cel.CelestialMechanics.Test", "Cel.CelestialMechanics.Test\Cel.CelestialMechanics.Test.csproj", "{7723B75D-6651-4978-886A-6B22D20F7D1A}"
EndProject
Project("{2150E333-8FDC-42A3-9474-1A3956D46DE8}") = "02 - Services", "02 - Services", "{38F03683-48BE-4D14-90AA-5CFC9F30BCE2}"
EndProject
Project("{FAE04EC0-301F-11D3-BF4B-00C04F79EFBC}") = "Cel.CelestialMechanics.Services", "Cel.CelestialMechanics.Services\Cel.CelestialMechanics.Services.csproj", "{8340F031-79F2-423B-9EFF-18998ED2142E}"
EndProject
Global
	GlobalSection(SolutionConfigurationPlatforms) = preSolution
		Debug|Any CPU = Debug|Any CPU
		Release|Any CPU = Release|Any CPU
	EndGlobalSection
	GlobalSection(ProjectConfigurationPlatforms) = postSolution
		{4E4E0D97-766A-4BFF-9D80-598F042FB1A6}.Debug|Any CPU.ActiveCfg = Debug|Any CPU
		{4E4E0D97-766A-4BFF-9D80-598F042FB1A6}.Debug|Any CPU.Build.0 = Debug|Any CPU
		{4E4E0D97-766A-4BFF-9D80-598F042FB1A6}.Release|Any CPU.ActiveCfg = Release|Any CPU
		{4E4E0D97-766A-4BFF-9D80-598F042FB1A6}.Release|Any CPU.Build.0 = Release|Any CPU
		{A11E7974-0653-4D4E-A28E-B2081F448F4F}.Debug|Any CPU.ActiveCfg = Debug|Any CPU
		{A11E7974-0653-4D4E-A28E-B2081F448F4F}.Debug|Any CPU.Build.0 = Debug|Any CPU
		{A11E7974-0653-4D4E-A28E-B2081F448F4F}.Release|Any CPU.ActiveCfg = Release|Any CPU
		{A11E7974-0653-4D4E-A28E-B2081F448F4F}.Release|Any CPU.Build.0 = Release|Any CPU
		{7723B75D-6651-4978-886A-6B22D20F7D1A}.Debug|Any CPU.ActiveCfg = Debug|Any CPU
		{7723B75D-6651-4978-886A-6B22D20F7D1A}.Debug|Any CPU.Build.0 = Debug|Any CPU
		{7723B75D-6651-4978-886A-6B22D20F7D1A}.Release|Any CPU.ActiveCfg = Release|Any CPU
		{7723B75D-6651-4978-886A-6B22D20F7D1A}.Release|Any CPU.Build.0 = Release|Any CPU
		{8340F031-79F2-423B-9EFF-18998ED2142E}.Debug|Any CPU.ActiveCfg = Debug|Any CPU
		{8340F031-79F2-423B-9EFF-18998ED2142E}.Debug|Any CPU.Build.0 = Debug|Any CPU
		{8340F031-79F2-423B-9EFF-18998ED2142E}.Release|Any CPU.ActiveCfg = Release|Any CPU
		{8340F031-79F2-423B-9EFF-18998ED2142E}.Release|Any CPU.Build.0 = Release|Any CPU
	EndGlobalSection
	GlobalSection(SolutionProperties) = preSolution
		HideSolutionNode = FALSE
	EndGlobalSection
	GlobalSection(NestedProjects) = preSolution
		{4E4E0D97-766A-4BFF-9D80-598F042FB1A6} = {D932A487-AEAD-4D81-8B69-501C10B10E54}
		{A11E7974-0653-4D4E-A28E-B2081F448F4F} = {C63D3370-D274-48AC-9679-31AD0EE60A12}
		{7723B75D-6651-4978-886A-6B22D20F7D1A} = {FA791B88-0659-4FD0-B21C-2C907B74021F}
		{8340F031-79F2-423B-9EFF-18998ED2142E} = {38F03683-48BE-4D14-90AA-5CFC9F30BCE2}
	EndGlobalSection
	GlobalSection(ExtensibilityGlobals) = postSolution
		SolutionGuid = {051E5CEB-B11B-4E20-80B7-22E9FC905C59}
	EndGlobalSection
EndGlobal
